# THIS IS AN AUTOGENERATED FILE. DO NOT EDIT THIS FILE DIRECTLY.
# yarn lockfile v1


slug@^5.2.0:
  version "5.2.0"
  resolved "https://registry.yarnpkg.com/slug/-/slug-5.2.0.tgz#92f478dc01eedb6cd14def4c4cfe702409612204"
  integrity sha512-jMCvtl7B2iF+2YUNeSo88iVy+wSGX2Jlfj6Hi7RvaQNTPiqJ8BYJAB6XaurEQiiVGN3gIj6u6IZvaG4Ang5brw==
